
Microsoft Visual Studio Solution File, Format Version 12.00
# Visual Studio Version 17
VisualStudioVersion = 17.9.34701.34
MinimumVisualStudioVersion = 10.0.40219.1
Project("{FAE04EC0-301F-11D3-BF4B-00C04F79EFBC}") = "ADSProject01", "ADSProject01\ADSProject01.csproj", "{5890AF8B-8666-48E5-8231-6A7ABB006EEB}"
EndProject
Global
	GlobalSection(SolutionConfigurationPlatforms) = preSolution
		Debug|Any CPU = Debug|Any CPU
		Release|Any CPU = Release|Any CPU
	EndGlobalSection
	GlobalSection(ProjectConfigurationPlatforms) = postSolution
		{5890AF8B-8666-48E5-8231-6A7ABB006EEB}.Debug|Any CPU.ActiveCfg = Debug|Any CPU
		{5890AF8B-8666-48E5-8231-6A7ABB006EEB}.Debug|Any CPU.Build.0 = Debug|Any CPU
		{5890AF8B-8666-48E5-8231-6A7ABB006EEB}.Release|Any CPU.ActiveCfg = Release|Any CPU
		{5890AF8B-8666-48E5-8231-6A7ABB006EEB}.Release|Any CPU.Build.0 = Release|Any CPU
	EndGlobalSection
	GlobalSection(SolutionProperties) = preSolution
		HideSolutionNode = FALSE
	EndGlobalSection
	GlobalSection(ExtensibilityGlobals) = postSolution
		SolutionGuid = {F8AF0229-CF83-4737-A47C-270F7FEC6D80}
	EndGlobalSection
EndGlobal
